// !$*UTF8*$!
{
	archiveVersion = 1;
	classes = {
	};
	objectVersion = 54;
	objects = {

/* Begin PBXBuildFile section */
		AB189720266169F000FB956C /* MovieStrings.swift in Sources */ = {isa = PBXBuildFile; fileRef = AB18971F266169F000FB956C /* MovieStrings.swift */; };
		AB280A472649597600DC224D /* MovieView.swift in Sources */ = {isa = PBXBuildFile; fileRef = AB280A462649597600DC224D /* MovieView.swift */; };
		AB280A492649932200DC224D /* MovieTableViewDataSource.swift in Sources */ = {isa = PBXBuildFile; fileRef = AB280A482649932200DC224D /* MovieTableViewDataSource.swift */; };
		AB3C7856264C0A9000B8A780 /* MovieViewController.swift in Sources */ = {isa = PBXBuildFile; fileRef = AB3C7855264C0A9000B8A780 /* MovieViewController.swift */; };
		AB3C785E264C0CA400B8A780 /* APIClient.swift in Sources */ = {isa = PBXBuildFile; fileRef = AB3C785D264C0CA400B8A780 /* APIClient.swift */; };
		AB3C7860264C0CD700B8A780 /* MovieService.swift in Sources */ = {isa = PBXBuildFile; fileRef = AB3C785F264C0CD700B8A780 /* MovieService.swift */; };
		AB3C7862264C0D4E00B8A780 /* MovieRepository.swift in Sources */ = {isa = PBXBuildFile; fileRef = AB3C7861264C0D4E00B8A780 /* MovieRepository.swift */; };
		AB3C7864264C0DB500B8A780 /* Movie.swift in Sources */ = {isa = PBXBuildFile; fileRef = AB3C7863264C0DB500B8A780 /* Movie.swift */; };
		AB3C7866264C0DF000B8A780 /* MovieDetailViewController.swift in Sources */ = {isa = PBXBuildFile; fileRef = AB3C7865264C0DF000B8A780 /* MovieDetailViewController.swift */; };
		AB40EC56264D5C4500FD8452 /* ConfigUrl.swift in Sources */ = {isa = PBXBuildFile; fileRef = AB40EC55264D5C4500FD8452 /* ConfigUrl.swift */; };
		AB7B1D1925FA5D8500DE8F17 /* MovieDetailView.swift in Sources */ = {isa = PBXBuildFile; fileRef = AB7B1D1825FA5D8500DE8F17 /* MovieDetailView.swift */; };
		AB7FDE1025E3E60300E092AF /* AppDelegate.swift in Sources */ = {isa = PBXBuildFile; fileRef = AB7FDE0F25E3E60300E092AF /* AppDelegate.swift */; };
		AB7FDE1225E3E60300E092AF /* SceneDelegate.swift in Sources */ = {isa = PBXBuildFile; fileRef = AB7FDE1125E3E60300E092AF /* SceneDelegate.swift */; };
		AB7FDE1925E3E60800E092AF /* Assets.xcassets in Resources */ = {isa = PBXBuildFile; fileRef = AB7FDE1825E3E60800E092AF /* Assets.xcassets */; };
		AB7FDE1C25E3E60800E092AF /* LaunchScreen.storyboard in Resources */ = {isa = PBXBuildFile; fileRef = AB7FDE1A25E3E60800E092AF /* LaunchScreen.storyboard */; };
		AB7FDE2625E3E63A00E092AF /* MovieTableViewCell.swift in Sources */ = {isa = PBXBuildFile; fileRef = AB7FDE2525E3E63A00E092AF /* MovieTableViewCell.swift */; };
		ABD98F0226456F2200C4EDAB /* (null) in Embed Frameworks */ = {isa = PBXBuildFile; settings = {ATTRIBUTES = (CodeSignOnCopy, RemoveHeadersOnCopy, ); }; };
		F61300AE2B4F4DEA00A7C8CD /* XCTest.framework in Frameworks */ = {isa = PBXBuildFile; fileRef = F646AC082B4F1A8500059B00 /* XCTest.framework */; platformFilter = ios; };
		F61300B02B4F4E0400A7C8CD /* Quick in Frameworks */ = {isa = PBXBuildFile; productRef = F61300AF2B4F4E0400A7C8CD /* Quick */; };
		F61300B22B4F4E0400A7C8CD /* Nimble-Snapshots in Frameworks */ = {isa = PBXBuildFile; productRef = F61300B12B4F4E0400A7C8CD /* Nimble-Snapshots */; };
		F61300B42B4F4E0400A7C8CD /* Nimble in Frameworks */ = {isa = PBXBuildFile; productRef = F61300B32B4F4E0400A7C8CD /* Nimble */; };
		F6192BD72B6A8EF2005F7A31 /* MovieStarViewTests.swift in Sources */ = {isa = PBXBuildFile; fileRef = F6192BD62B6A8EF2005F7A31 /* MovieStarViewTests.swift */; };
		F638F28F2B5062AA00F8EB74 /* APIClientMock.swift in Sources */ = {isa = PBXBuildFile; fileRef = F638F28E2B5062AA00F8EB74 /* APIClientMock.swift */; };
		F638F2912B506ED100F8EB74 /* MovieViewControllerTests.swift in Sources */ = {isa = PBXBuildFile; fileRef = F638F2902B506ED100F8EB74 /* MovieViewControllerTests.swift */; };
		F638F2932B506F7100F8EB74 /* MovieRepositorySpy.swift in Sources */ = {isa = PBXBuildFile; fileRef = F638F2922B506F7100F8EB74 /* MovieRepositorySpy.swift */; };
		F638F2952B50774200F8EB74 /* MovieHomeProtocols.swift in Sources */ = {isa = PBXBuildFile; fileRef = F638F2942B50774200F8EB74 /* MovieHomeProtocols.swift */; };
		F638F2972B5077B700F8EB74 /* MovieViewSpy.swift in Sources */ = {isa = PBXBuildFile; fileRef = F638F2962B5077B700F8EB74 /* MovieViewSpy.swift */; };
		F6457D4C2B59DFDD002B8DF0 /* MovieDetailViewTests.swift in Sources */ = {isa = PBXBuildFile; fileRef = F6457D4B2B59DFDD002B8DF0 /* MovieDetailViewTests.swift */; };
		F6457D4F2B59E1AB002B8DF0 /* MovieDetailViewControllerTests.swift in Sources */ = {isa = PBXBuildFile; fileRef = F6457D4E2B59E1AB002B8DF0 /* MovieDetailViewControllerTests.swift */; };
		F6457D512B59E1EC002B8DF0 /* MovieDetailsProtocols.swift in Sources */ = {isa = PBXBuildFile; fileRef = F6457D502B59E1EC002B8DF0 /* MovieDetailsProtocols.swift */; };
		F6457D542B59E272002B8DF0 /* MovieDetailViewSpy.swift in Sources */ = {isa = PBXBuildFile; fileRef = F6457D532B59E272002B8DF0 /* MovieDetailViewSpy.swift */; };
		F646ABF82B4F127000059B00 /* MovieServiceProtocols.swift in Sources */ = {isa = PBXBuildFile; fileRef = F646ABF72B4F127000059B00 /* MovieServiceProtocols.swift */; };
		F646ABFA2B4F12D600059B00 /* MovieServiceTests.swift in Sources */ = {isa = PBXBuildFile; fileRef = F646ABF92B4F12D600059B00 /* MovieServiceTests.swift */; };
		F646AC062B4F19AA00059B00 /* Kingfisher in Frameworks */ = {isa = PBXBuildFile; productRef = F646AC052B4F19AA00059B00 /* Kingfisher */; };
		F646AC0B2B4F1BF600059B00 /* MovieRepositoryTests.swift in Sources */ = {isa = PBXBuildFile; fileRef = F646AC0A2B4F1BF600059B00 /* MovieRepositoryTests.swift */; };
		F646AC0E2B4F1F0600059B00 /* MovieTableViewCellTests.swift in Sources */ = {isa = PBXBuildFile; fileRef = F646AC0D2B4F1F0600059B00 /* MovieTableViewCellTests.swift */; };
		F646AC142B4F273A00059B00 /* MovieViewTests.swift in Sources */ = {isa = PBXBuildFile; fileRef = F646AC132B4F273A00059B00 /* MovieViewTests.swift */; };
		F646AC172B4F27E100059B00 /* Movie+Stub.swift in Sources */ = {isa = PBXBuildFile; fileRef = F646AC162B4F27E100059B00 /* Movie+Stub.swift */; };
		F646AC1A2B4F2B8400059B00 /* View+Extensions.swift in Sources */ = {isa = PBXBuildFile; fileRef = F646AC192B4F2B8400059B00 /* View+Extensions.swift */; };
		F646AC1C2B4F38E200059B00 /* MovieTableViewDataSourceTests.swift in Sources */ = {isa = PBXBuildFile; fileRef = F646AC1B2B4F38E200059B00 /* MovieTableViewDataSourceTests.swift */; };
		F646AC1E2B4F3A0500059B00 /* UITableViewMock.swift in Sources */ = {isa = PBXBuildFile; fileRef = F646AC1D2B4F3A0500059B00 /* UITableViewMock.swift */; };
		F64B04362B6A7E8900C65905 /* MovieStarView.swift in Sources */ = {isa = PBXBuildFile; fileRef = F64B04352B6A7E8900C65905 /* MovieStarView.swift */; };
		F67D5AA52B6AC25900F2EAE6 /* .env in Resources */ = {isa = PBXBuildFile; fileRef = F67D5AA42B6AC25900F2EAE6 /* .env */; };
		F6C7090B2B7C0CD700FE47B6 /* SkeletonView in Frameworks */ = {isa = PBXBuildFile; productRef = F6C7090A2B7C0CD700FE47B6 /* SkeletonView */; };
/* End PBXBuildFile section */

/* Begin PBXContainerItemProxy section */
		F646ABEF2B4F11BA00059B00 /* PBXContainerItemProxy */ = {
			isa = PBXContainerItemProxy;
			containerPortal = AB7FDE0425E3E60300E092AF /* Project object */;
			proxyType = 1;
			remoteGlobalIDString = AB7FDE0B25E3E60300E092AF;
			remoteInfo = MovieViewCode;
		};
/* End PBXContainerItemProxy section */

/* Begin PBXCopyFilesBuildPhase section */
		ABD98F0326456F2200C4EDAB /* Embed Frameworks */ = {
			isa = PBXCopyFilesBuildPhase;
			buildActionMask = 2147483647;
			dstPath = "";
			dstSubfolderSpec = 10;
			files = (
				ABD98F0226456F2200C4EDAB /* (null) in Embed Frameworks */,
			);
			name = "Embed Frameworks";
			runOnlyForDeploymentPostprocessing = 0;
		};
/* End PBXCopyFilesBuildPhase section */

/* Begin PBXFileReference section */
		AB18971F266169F000FB956C /* MovieStrings.swift */ = {isa = PBXFileReference; lastKnownFileType = sourcecode.swift; path = MovieStrings.swift; sourceTree = "<group>"; };
		AB280A462649597600DC224D /* MovieView.swift */ = {isa = PBXFileReference; lastKnownFileType = sourcecode.swift; path = MovieView.swift; sourceTree = "<group>"; };
		AB280A482649932200DC224D /* MovieTableViewDataSource.swift */ = {isa = PBXFileReference; lastKnownFileType = sourcecode.swift; path = MovieTableViewDataSource.swift; sourceTree = "<group>"; };
		AB3C7855264C0A9000B8A780 /* MovieViewController.swift */ = {isa = PBXFileReference; fileEncoding = 4; lastKnownFileType = sourcecode.swift; path = MovieViewController.swift; sourceTree = "<group>"; };
		AB3C785D264C0CA400B8A780 /* APIClient.swift */ = {isa = PBXFileReference; fileEncoding = 4; lastKnownFileType = sourcecode.swift; name = APIClient.swift; path = Network/APIClient.swift; sourceTree = "<group>"; };
		AB3C785F264C0CD700B8A780 /* MovieService.swift */ = {isa = PBXFileReference; fileEncoding = 4; lastKnownFileType = sourcecode.swift; path = MovieService.swift; sourceTree = "<group>"; };
		AB3C7861264C0D4E00B8A780 /* MovieRepository.swift */ = {isa = PBXFileReference; fileEncoding = 4; lastKnownFileType = sourcecode.swift; path = MovieRepository.swift; sourceTree = "<group>"; };
		AB3C7863264C0DB500B8A780 /* Movie.swift */ = {isa = PBXFileReference; fileEncoding = 4; lastKnownFileType = sourcecode.swift; path = Movie.swift; sourceTree = "<group>"; };
		AB3C7865264C0DF000B8A780 /* MovieDetailViewController.swift */ = {isa = PBXFileReference; fileEncoding = 4; lastKnownFileType = sourcecode.swift; path = MovieDetailViewController.swift; sourceTree = "<group>"; };
		AB40EC55264D5C4500FD8452 /* ConfigUrl.swift */ = {isa = PBXFileReference; lastKnownFileType = sourcecode.swift; name = ConfigUrl.swift; path = Network/ConfigUrl.swift; sourceTree = "<group>"; };
		AB7B1D1825FA5D8500DE8F17 /* MovieDetailView.swift */ = {isa = PBXFileReference; lastKnownFileType = sourcecode.swift; path = MovieDetailView.swift; sourceTree = "<group>"; };
		AB7FDE0C25E3E60300E092AF /* MovieViewCode.app */ = {isa = PBXFileReference; explicitFileType = wrapper.application; includeInIndex = 0; path = MovieViewCode.app; sourceTree = BUILT_PRODUCTS_DIR; };
		AB7FDE0F25E3E60300E092AF /* AppDelegate.swift */ = {isa = PBXFileReference; lastKnownFileType = sourcecode.swift; path = AppDelegate.swift; sourceTree = "<group>"; };
		AB7FDE1125E3E60300E092AF /* SceneDelegate.swift */ = {isa = PBXFileReference; lastKnownFileType = sourcecode.swift; path = SceneDelegate.swift; sourceTree = "<group>"; };
		AB7FDE1825E3E60800E092AF /* Assets.xcassets */ = {isa = PBXFileReference; lastKnownFileType = folder.assetcatalog; path = Assets.xcassets; sourceTree = "<group>"; };
		AB7FDE1B25E3E60800E092AF /* Base */ = {isa = PBXFileReference; lastKnownFileType = file.storyboard; name = Base; path = Base.lproj/LaunchScreen.storyboard; sourceTree = "<group>"; };
		AB7FDE1D25E3E60800E092AF /* Info.plist */ = {isa = PBXFileReference; lastKnownFileType = text.plist.xml; path = Info.plist; sourceTree = "<group>"; };
		AB7FDE2525E3E63A00E092AF /* MovieTableViewCell.swift */ = {isa = PBXFileReference; lastKnownFileType = sourcecode.swift; path = MovieTableViewCell.swift; sourceTree = "<group>"; };
		F6192BD62B6A8EF2005F7A31 /* MovieStarViewTests.swift */ = {isa = PBXFileReference; lastKnownFileType = sourcecode.swift; path = MovieStarViewTests.swift; sourceTree = "<group>"; };
		F638F28E2B5062AA00F8EB74 /* APIClientMock.swift */ = {isa = PBXFileReference; lastKnownFileType = sourcecode.swift; path = APIClientMock.swift; sourceTree = "<group>"; };
		F638F2902B506ED100F8EB74 /* MovieViewControllerTests.swift */ = {isa = PBXFileReference; lastKnownFileType = sourcecode.swift; path = MovieViewControllerTests.swift; sourceTree = "<group>"; };
		F638F2922B506F7100F8EB74 /* MovieRepositorySpy.swift */ = {isa = PBXFileReference; lastKnownFileType = sourcecode.swift; path = MovieRepositorySpy.swift; sourceTree = "<group>"; };
		F638F2942B50774200F8EB74 /* MovieHomeProtocols.swift */ = {isa = PBXFileReference; lastKnownFileType = sourcecode.swift; path = MovieHomeProtocols.swift; sourceTree = "<group>"; };
		F638F2962B5077B700F8EB74 /* MovieViewSpy.swift */ = {isa = PBXFileReference; lastKnownFileType = sourcecode.swift; path = MovieViewSpy.swift; sourceTree = "<group>"; };
		F6457D4B2B59DFDD002B8DF0 /* MovieDetailViewTests.swift */ = {isa = PBXFileReference; lastKnownFileType = sourcecode.swift; path = MovieDetailViewTests.swift; sourceTree = "<group>"; };
		F6457D4E2B59E1AB002B8DF0 /* MovieDetailViewControllerTests.swift */ = {isa = PBXFileReference; lastKnownFileType = sourcecode.swift; path = MovieDetailViewControllerTests.swift; sourceTree = "<group>"; };
		F6457D502B59E1EC002B8DF0 /* MovieDetailsProtocols.swift */ = {isa = PBXFileReference; lastKnownFileType = sourcecode.swift; path = MovieDetailsProtocols.swift; sourceTree = "<group>"; };
		F6457D532B59E272002B8DF0 /* MovieDetailViewSpy.swift */ = {isa = PBXFileReference; lastKnownFileType = sourcecode.swift; path = MovieDetailViewSpy.swift; sourceTree = "<group>"; };
		F646ABEB2B4F11BA00059B00 /* MovieViewCodeTests.xctest */ = {isa = PBXFileReference; explicitFileType = wrapper.cfbundle; includeInIndex = 0; path = MovieViewCodeTests.xctest; sourceTree = BUILT_PRODUCTS_DIR; };
		F646ABF72B4F127000059B00 /* MovieServiceProtocols.swift */ = {isa = PBXFileReference; lastKnownFileType = sourcecode.swift; path = MovieServiceProtocols.swift; sourceTree = "<group>"; };
		F646ABF92B4F12D600059B00 /* MovieServiceTests.swift */ = {isa = PBXFileReference; lastKnownFileType = sourcecode.swift; path = MovieServiceTests.swift; sourceTree = "<group>"; };
		F646AC082B4F1A8500059B00 /* XCTest.framework */ = {isa = PBXFileReference; lastKnownFileType = wrapper.framework; name = XCTest.framework; path = Platforms/iPhoneOS.platform/Developer/Library/Frameworks/XCTest.framework; sourceTree = DEVELOPER_DIR; };
		F646AC0A2B4F1BF600059B00 /* MovieRepositoryTests.swift */ = {isa = PBXFileReference; lastKnownFileType = sourcecode.swift; path = MovieRepositoryTests.swift; sourceTree = "<group>"; };
		F646AC0D2B4F1F0600059B00 /* MovieTableViewCellTests.swift */ = {isa = PBXFileReference; lastKnownFileType = sourcecode.swift; path = MovieTableViewCellTests.swift; sourceTree = "<group>"; };
		F646AC132B4F273A00059B00 /* MovieViewTests.swift */ = {isa = PBXFileReference; lastKnownFileType = sourcecode.swift; path = MovieViewTests.swift; sourceTree = "<group>"; };
		F646AC162B4F27E100059B00 /* Movie+Stub.swift */ = {isa = PBXFileReference; lastKnownFileType = sourcecode.swift; path = "Movie+Stub.swift"; sourceTree = "<group>"; };
		F646AC192B4F2B8400059B00 /* View+Extensions.swift */ = {isa = PBXFileReference; lastKnownFileType = sourcecode.swift; path = "View+Extensions.swift"; sourceTree = "<group>"; };
		F646AC1B2B4F38E200059B00 /* MovieTableViewDataSourceTests.swift */ = {isa = PBXFileReference; lastKnownFileType = sourcecode.swift; path = MovieTableViewDataSourceTests.swift; sourceTree = "<group>"; };
		F646AC1D2B4F3A0500059B00 /* UITableViewMock.swift */ = {isa = PBXFileReference; lastKnownFileType = sourcecode.swift; path = UITableViewMock.swift; sourceTree = "<group>"; };
		F64B04352B6A7E8900C65905 /* MovieStarView.swift */ = {isa = PBXFileReference; lastKnownFileType = sourcecode.swift; path = MovieStarView.swift; sourceTree = "<group>"; };
		F67D5AA42B6AC25900F2EAE6 /* .env */ = {isa = PBXFileReference; lastKnownFileType = text; name = .env; path = ../.env; sourceTree = "<group>"; };
		F6F573992B4F436C0075D5D0 /* InterfaceBuilderKit.framework */ = {isa = PBXFileReference; lastKnownFileType = wrapper.framework; name = InterfaceBuilderKit.framework; path = Library/Frameworks/InterfaceBuilderKit.framework; sourceTree = DEVELOPER_DIR; };
		F6F5739B2B4F43AA0075D5D0 /* Python3.framework */ = {isa = PBXFileReference; lastKnownFileType = wrapper.framework; name = Python3.framework; path = Library/Frameworks/Python3.framework; sourceTree = DEVELOPER_DIR; };
		F6F5739C2B4F43AA0075D5D0 /* XcodeKit.framework */ = {isa = PBXFileReference; lastKnownFileType = wrapper.framework; name = XcodeKit.framework; path = Library/Frameworks/XcodeKit.framework; sourceTree = DEVELOPER_DIR; };
		F6F5739D2B4F43AA0075D5D0 /* StoreKitTest.framework */ = {isa = PBXFileReference; lastKnownFileType = wrapper.framework; name = StoreKitTest.framework; path = Platforms/iPhoneOS.platform/Developer/Library/Frameworks/StoreKitTest.framework; sourceTree = DEVELOPER_DIR; };
/* End PBXFileReference section */

/* Begin PBXFrameworksBuildPhase section */
		AB7FDE0925E3E60300E092AF /* Frameworks */ = {
			isa = PBXFrameworksBuildPhase;
			buildActionMask = 2147483647;
			files = (
				F6C7090B2B7C0CD700FE47B6 /* SkeletonView in Frameworks */,
				F646AC062B4F19AA00059B00 /* Kingfisher in Frameworks */,
			);
			runOnlyForDeploymentPostprocessing = 0;
		};
		F646ABE82B4F11BA00059B00 /* Frameworks */ = {
			isa = PBXFrameworksBuildPhase;
			buildActionMask = 2147483647;
			files = (
				F61300B02B4F4E0400A7C8CD /* Quick in Frameworks */,
				F61300B42B4F4E0400A7C8CD /* Nimble in Frameworks */,
				F61300B22B4F4E0400A7C8CD /* Nimble-Snapshots in Frameworks */,
				F61300AE2B4F4DEA00A7C8CD /* XCTest.framework in Frameworks */,
			);
			runOnlyForDeploymentPostprocessing = 0;
		};
/* End PBXFrameworksBuildPhase section */

/* Begin PBXGroup section */
		AB18971E266169D600FB956C /* Strings */ = {
			isa = PBXGroup;
			children = (
				AB18971F266169F000FB956C /* MovieStrings.swift */,
			);
			path = Strings;
			sourceTree = "<group>";
		};
		AB4956812631DB7A00051C37 /* Model */ = {
			isa = PBXGroup;
			children = (
				AB3C7863264C0DB500B8A780 /* Movie.swift */,
			);
			path = Model;
			sourceTree = "<group>";
		};
		AB7FDE0325E3E60300E092AF = {
			isa = PBXGroup;
			children = (
				F67D5AA42B6AC25900F2EAE6 /* .env */,
				AB7FDE0E25E3E60300E092AF /* MovieViewCode */,
				F646ABEC2B4F11BA00059B00 /* MovieViewCodeTests */,
				AB7FDE0D25E3E60300E092AF /* Products */,
				F646AC072B4F1A8500059B00 /* Frameworks */,
			);
			sourceTree = "<group>";
		};
		AB7FDE0D25E3E60300E092AF /* Products */ = {
			isa = PBXGroup;
			children = (
				AB7FDE0C25E3E60300E092AF /* MovieViewCode.app */,
				F646ABEB2B4F11BA00059B00 /* MovieViewCodeTests.xctest */,
			);
			name = Products;
			sourceTree = "<group>";
		};
		AB7FDE0E25E3E60300E092AF /* MovieViewCode */ = {
			isa = PBXGroup;
			children = (
				F6344E452B45D66D0031470E /* Movie */,
				F646AC182B4F2B6600059B00 /* Extensions */,
				AB18971E266169D600FB956C /* Strings */,
				ABF23E99261F3AC3009AA9CC /* Network */,
				AB7FDE2C25E3EF4C00E092AF /* App */,
				AB7FDE2925E3EEE700E092AF /* Supporting Files */,
				AB7FDE1D25E3E60800E092AF /* Info.plist */,
			);
			path = MovieViewCode;
			sourceTree = "<group>";
		};
		AB7FDE2925E3EEE700E092AF /* Supporting Files */ = {
			isa = PBXGroup;
			children = (
				AB7FDE1825E3E60800E092AF /* Assets.xcassets */,
				AB7FDE1A25E3E60800E092AF /* LaunchScreen.storyboard */,
			);
			name = "Supporting Files";
			sourceTree = "<group>";
		};
		AB7FDE2C25E3EF4C00E092AF /* App */ = {
			isa = PBXGroup;
			children = (
				AB7FDE0F25E3E60300E092AF /* AppDelegate.swift */,
				AB7FDE1125E3E60300E092AF /* SceneDelegate.swift */,
			);
			path = App;
			sourceTree = "<group>";
		};
		ABF23E99261F3AC3009AA9CC /* Network */ = {
			isa = PBXGroup;
			children = (
				AB3C785D264C0CA400B8A780 /* APIClient.swift */,
				AB40EC55264D5C4500FD8452 /* ConfigUrl.swift */,
			);
			name = Network;
			sourceTree = "<group>";
		};
		F6344E402B45D6070031470E /* MovieHome */ = {
			isa = PBXGroup;
			children = (
				AB4956812631DB7A00051C37 /* Model */,
				F6344E462B45D6F40031470E /* Network */,
				F6344E422B45D6270031470E /* DataSource */,
				F6344E412B45D61C0031470E /* Views */,
				AB3C7855264C0A9000B8A780 /* MovieViewController.swift */,
				F638F2942B50774200F8EB74 /* MovieHomeProtocols.swift */,
			);
			path = MovieHome;
			sourceTree = "<group>";
		};
		F6344E412B45D61C0031470E /* Views */ = {
			isa = PBXGroup;
			children = (
				AB280A462649597600DC224D /* MovieView.swift */,
				AB7FDE2525E3E63A00E092AF /* MovieTableViewCell.swift */,
				F64B04352B6A7E8900C65905 /* MovieStarView.swift */,
			);
			path = Views;
			sourceTree = "<group>";
		};
		F6344E422B45D6270031470E /* DataSource */ = {
			isa = PBXGroup;
			children = (
				AB280A482649932200DC224D /* MovieTableViewDataSource.swift */,
			);
			path = DataSource;
			sourceTree = "<group>";
		};
		F6344E432B45D6370031470E /* MovieDetails */ = {
			isa = PBXGroup;
			children = (
				F6344E442B45D6430031470E /* View */,
				AB3C7865264C0DF000B8A780 /* MovieDetailViewController.swift */,
				F6457D502B59E1EC002B8DF0 /* MovieDetailsProtocols.swift */,
			);
			path = MovieDetails;
			sourceTree = "<group>";
		};
		F6344E442B45D6430031470E /* View */ = {
			isa = PBXGroup;
			children = (
				AB7B1D1825FA5D8500DE8F17 /* MovieDetailView.swift */,
			);
			path = View;
			sourceTree = "<group>";
		};
		F6344E452B45D66D0031470E /* Movie */ = {
			isa = PBXGroup;
			children = (
				F6344E402B45D6070031470E /* MovieHome */,
				F6344E432B45D6370031470E /* MovieDetails */,
			);
			path = Movie;
			sourceTree = "<group>";
		};
		F6344E462B45D6F40031470E /* Network */ = {
			isa = PBXGroup;
			children = (
				AB3C7861264C0D4E00B8A780 /* MovieRepository.swift */,
				AB3C785F264C0CD700B8A780 /* MovieService.swift */,
				F646ABF72B4F127000059B00 /* MovieServiceProtocols.swift */,
			);
			path = Network;
			sourceTree = "<group>";
		};
		F6457D492B59DFC0002B8DF0 /* MovieDetails */ = {
			isa = PBXGroup;
			children = (
				F6457D522B59E267002B8DF0 /* Doubles */,
				F6457D4A2B59DFC6002B8DF0 /* View */,
				F6457D4E2B59E1AB002B8DF0 /* MovieDetailViewControllerTests.swift */,
			);
			path = MovieDetails;
			sourceTree = "<group>";
		};
		F6457D4A2B59DFC6002B8DF0 /* View */ = {
			isa = PBXGroup;
			children = (
				F6457D4B2B59DFDD002B8DF0 /* MovieDetailViewTests.swift */,
			);
			path = View;
			sourceTree = "<group>";
		};
		F6457D522B59E267002B8DF0 /* Doubles */ = {
			isa = PBXGroup;
			children = (
				F6457D532B59E272002B8DF0 /* MovieDetailViewSpy.swift */,
			);
			path = Doubles;
			sourceTree = "<group>";
		};
		F646ABEC2B4F11BA00059B00 /* MovieViewCodeTests */ = {
			isa = PBXGroup;
			children = (
				F646ABF42B4F11C200059B00 /* Movie */,
			);
			path = MovieViewCodeTests;
			sourceTree = "<group>";
		};
		F646ABF42B4F11C200059B00 /* Movie */ = {
			isa = PBXGroup;
			children = (
				F646ABF52B4F11CA00059B00 /* MovieHome */,
				F6457D492B59DFC0002B8DF0 /* MovieDetails */,
			);
			path = Movie;
			sourceTree = "<group>";
		};
		F646ABF52B4F11CA00059B00 /* MovieHome */ = {
			isa = PBXGroup;
			children = (
				F646AC152B4F27CD00059B00 /* Doubles */,
				F646AC0F2B4F269600059B00 /* DataSource */,
				F646AC0C2B4F1E7300059B00 /* Views */,
				F646ABF62B4F11D300059B00 /* Network */,
				F638F2902B506ED100F8EB74 /* MovieViewControllerTests.swift */,
			);
			path = MovieHome;
			sourceTree = "<group>";
		};
		F646ABF62B4F11D300059B00 /* Network */ = {
			isa = PBXGroup;
			children = (
				F646ABF92B4F12D600059B00 /* MovieServiceTests.swift */,
				F646AC0A2B4F1BF600059B00 /* MovieRepositoryTests.swift */,
			);
			path = Network;
			sourceTree = "<group>";
		};
		F646AC072B4F1A8500059B00 /* Frameworks */ = {
			isa = PBXGroup;
			children = (
				F6F5739B2B4F43AA0075D5D0 /* Python3.framework */,
				F6F5739D2B4F43AA0075D5D0 /* StoreKitTest.framework */,
				F6F5739C2B4F43AA0075D5D0 /* XcodeKit.framework */,
				F6F573992B4F436C0075D5D0 /* InterfaceBuilderKit.framework */,
				F646AC082B4F1A8500059B00 /* XCTest.framework */,
			);
			name = Frameworks;
			sourceTree = "<group>";
		};
		F646AC0C2B4F1E7300059B00 /* Views */ = {
			isa = PBXGroup;
			children = (
				F646AC0D2B4F1F0600059B00 /* MovieTableViewCellTests.swift */,
				F646AC132B4F273A00059B00 /* MovieViewTests.swift */,
				F6192BD62B6A8EF2005F7A31 /* MovieStarViewTests.swift */,
			);
			path = Views;
			sourceTree = "<group>";
		};
		F646AC0F2B4F269600059B00 /* DataSource */ = {
			isa = PBXGroup;
			children = (
				F646AC1B2B4F38E200059B00 /* MovieTableViewDataSourceTests.swift */,
			);
			path = DataSource;
			sourceTree = "<group>";
		};
		F646AC152B4F27CD00059B00 /* Doubles */ = {
			isa = PBXGroup;
			children = (
				F646AC162B4F27E100059B00 /* Movie+Stub.swift */,
				F638F28E2B5062AA00F8EB74 /* APIClientMock.swift */,
				F638F2922B506F7100F8EB74 /* MovieRepositorySpy.swift */,
				F638F2962B5077B700F8EB74 /* MovieViewSpy.swift */,
			);
			path = Doubles;
			sourceTree = "<group>";
		};
		F646AC182B4F2B6600059B00 /* Extensions */ = {
			isa = PBXGroup;
			children = (
				F646AC192B4F2B8400059B00 /* View+Extensions.swift */,
				F646AC1D2B4F3A0500059B00 /* UITableViewMock.swift */,
			);
			path = Extensions;
			sourceTree = "<group>";
		};
/* End PBXGroup section */

/* Begin PBXNativeTarget section */
		AB7FDE0B25E3E60300E092AF /* MovieViewCode */ = {
			isa = PBXNativeTarget;
			buildConfigurationList = AB7FDE2025E3E60800E092AF /* Build configuration list for PBXNativeTarget "MovieViewCode" */;
			buildPhases = (
				AB7FDE0825E3E60300E092AF /* Sources */,
				AB7FDE0925E3E60300E092AF /* Frameworks */,
				AB7FDE0A25E3E60300E092AF /* Resources */,
				ABD98F0326456F2200C4EDAB /* Embed Frameworks */,
			);
			buildRules = (
			);
			dependencies = (
			);
			name = MovieViewCode;
			packageProductDependencies = (
				F646AC052B4F19AA00059B00 /* Kingfisher */,
				F6C7090A2B7C0CD700FE47B6 /* SkeletonView */,
			);
			productName = MovieViewCode;
			productReference = AB7FDE0C25E3E60300E092AF /* MovieViewCode.app */;
			productType = "com.apple.product-type.application";
		};
		F646ABEA2B4F11BA00059B00 /* MovieViewCodeTests */ = {
			isa = PBXNativeTarget;
			buildConfigurationList = F646ABF32B4F11BA00059B00 /* Build configuration list for PBXNativeTarget "MovieViewCodeTests" */;
			buildPhases = (
				F646ABE72B4F11BA00059B00 /* Sources */,
				F646ABE82B4F11BA00059B00 /* Frameworks */,
				F646ABE92B4F11BA00059B00 /* Resources */,
			);
			buildRules = (
			);
			dependencies = (
				F646ABF02B4F11BA00059B00 /* PBXTargetDependency */,
			);
			name = MovieViewCodeTests;
			packageProductDependencies = (
				F61300AF2B4F4E0400A7C8CD /* Quick */,
				F61300B12B4F4E0400A7C8CD /* Nimble-Snapshots */,
				F61300B32B4F4E0400A7C8CD /* Nimble */,
			);
			productName = MovieViewCodeTests;
			productReference = F646ABEB2B4F11BA00059B00 /* MovieViewCodeTests.xctest */;
			productType = "com.apple.product-type.bundle.unit-test";
		};
/* End PBXNativeTarget section */

/* Begin PBXProject section */
		AB7FDE0425E3E60300E092AF /* Project object */ = {
			isa = PBXProject;
			attributes = {
				LastSwiftUpdateCheck = 1510;
				LastUpgradeCheck = 1110;
				ORGANIZATIONNAME = "Bruna Nascimento Poso";
				TargetAttributes = {
					AB7FDE0B25E3E60300E092AF = {
						CreatedOnToolsVersion = 11.1;
					};
					F646ABEA2B4F11BA00059B00 = {
						CreatedOnToolsVersion = 15.1;
						TestTargetID = AB7FDE0B25E3E60300E092AF;
					};
				};
			};
			buildConfigurationList = AB7FDE0725E3E60300E092AF /* Build configuration list for PBXProject "MovieViewCode" */;
			compatibilityVersion = "Xcode 9.3";
			developmentRegion = en;
			hasScannedForEncodings = 0;
			knownRegions = (
				en,
				Base,
			);
			mainGroup = AB7FDE0325E3E60300E092AF;
			packageReferences = (
				AB61F1E7261E14B200109530 /* XCRemoteSwiftPackageReference "Alamofire" */,
				F646ABFB2B4F16CC00059B00 /* XCRemoteSwiftPackageReference "Quick" */,
				F646ABFE2B4F174F00059B00 /* XCRemoteSwiftPackageReference "Nimble-Snapshots" */,
				F646AC012B4F17BC00059B00 /* XCRemoteSwiftPackageReference "Nimble" */,
				F646AC042B4F19AA00059B00 /* XCRemoteSwiftPackageReference "Kingfisher" */,
				F6C709092B7C0CD700FE47B6 /* XCRemoteSwiftPackageReference "SkeletonView" */,
			);
			productRefGroup = AB7FDE0D25E3E60300E092AF /* Products */;
			projectDirPath = "";
			projectRoot = "";
			targets = (
				AB7FDE0B25E3E60300E092AF /* MovieViewCode */,
				F646ABEA2B4F11BA00059B00 /* MovieViewCodeTests */,
			);
		};
/* End PBXProject section */

/* Begin PBXResourcesBuildPhase section */
		AB7FDE0A25E3E60300E092AF /* Resources */ = {
			isa = PBXResourcesBuildPhase;
			buildActionMask = 2147483647;
			files = (
				F67D5AA52B6AC25900F2EAE6 /* .env in Resources */,
				AB7FDE1C25E3E60800E092AF /* LaunchScreen.storyboard in Resources */,
				AB7FDE1925E3E60800E092AF /* Assets.xcassets in Resources */,
			);
			runOnlyForDeploymentPostprocessing = 0;
		};
		F646ABE92B4F11BA00059B00 /* Resources */ = {
			isa = PBXResourcesBuildPhase;
			buildActionMask = 2147483647;
			files = (
			);
			runOnlyForDeploymentPostprocessing = 0;
		};
/* End PBXResourcesBuildPhase section */

/* Begin PBXSourcesBuildPhase section */
		AB7FDE0825E3E60300E092AF /* Sources */ = {
			isa = PBXSourcesBuildPhase;
			buildActionMask = 2147483647;
			files = (
				AB189720266169F000FB956C /* MovieStrings.swift in Sources */,
				AB3C7856264C0A9000B8A780 /* MovieViewController.swift in Sources */,
				F6457D512B59E1EC002B8DF0 /* MovieDetailsProtocols.swift in Sources */,
				AB280A492649932200DC224D /* MovieTableViewDataSource.swift in Sources */,
				AB3C7864264C0DB500B8A780 /* Movie.swift in Sources */,
				AB3C7860264C0CD700B8A780 /* MovieService.swift in Sources */,
				AB3C7866264C0DF000B8A780 /* MovieDetailViewController.swift in Sources */,
				F64B04362B6A7E8900C65905 /* MovieStarView.swift in Sources */,
				AB7FDE1025E3E60300E092AF /* AppDelegate.swift in Sources */,
				F646AC1E2B4F3A0500059B00 /* UITableViewMock.swift in Sources */,
				F646AC1A2B4F2B8400059B00 /* View+Extensions.swift in Sources */,
				AB7FDE2625E3E63A00E092AF /* MovieTableViewCell.swift in Sources */,
				F646ABF82B4F127000059B00 /* MovieServiceProtocols.swift in Sources */,
				AB7FDE1225E3E60300E092AF /* SceneDelegate.swift in Sources */,
				F638F2952B50774200F8EB74 /* MovieHomeProtocols.swift in Sources */,
				AB40EC56264D5C4500FD8452 /* ConfigUrl.swift in Sources */,
				AB7B1D1925FA5D8500DE8F17 /* MovieDetailView.swift in Sources */,
				AB280A472649597600DC224D /* MovieView.swift in Sources */,
				AB3C7862264C0D4E00B8A780 /* MovieRepository.swift in Sources */,
				AB3C785E264C0CA400B8A780 /* APIClient.swift in Sources */,
			);
			runOnlyForDeploymentPostprocessing = 0;
		};
		F646ABE72B4F11BA00059B00 /* Sources */ = {
			isa = PBXSourcesBuildPhase;
			buildActionMask = 2147483647;
			files = (
				F638F2932B506F7100F8EB74 /* MovieRepositorySpy.swift in Sources */,
				F646ABFA2B4F12D600059B00 /* MovieServiceTests.swift in Sources */,
				F646AC1C2B4F38E200059B00 /* MovieTableViewDataSourceTests.swift in Sources */,
				F646AC142B4F273A00059B00 /* MovieViewTests.swift in Sources */,
				F6457D4F2B59E1AB002B8DF0 /* MovieDetailViewControllerTests.swift in Sources */,
				F6192BD72B6A8EF2005F7A31 /* MovieStarViewTests.swift in Sources */,
				F6457D542B59E272002B8DF0 /* MovieDetailViewSpy.swift in Sources */,
				F638F2912B506ED100F8EB74 /* MovieViewControllerTests.swift in Sources */,
				F646AC0E2B4F1F0600059B00 /* MovieTableViewCellTests.swift in Sources */,
				F6457D4C2B59DFDD002B8DF0 /* MovieDetailViewTests.swift in Sources */,
				F638F2972B5077B700F8EB74 /* MovieViewSpy.swift in Sources */,
				F646AC172B4F27E100059B00 /* Movie+Stub.swift in Sources */,
				F638F28F2B5062AA00F8EB74 /* APIClientMock.swift in Sources */,
				F646AC0B2B4F1BF600059B00 /* MovieRepositoryTests.swift in Sources */,
			);
			runOnlyForDeploymentPostprocessing = 0;
		};
/* End PBXSourcesBuildPhase section */

/* Begin PBXTargetDependency section */
		F646ABF02B4F11BA00059B00 /* PBXTargetDependency */ = {
			isa = PBXTargetDependency;
			target = AB7FDE0B25E3E60300E092AF /* MovieViewCode */;
			targetProxy = F646ABEF2B4F11BA00059B00 /* PBXContainerItemProxy */;
		};
/* End PBXTargetDependency section */

/* Begin PBXVariantGroup section */
		AB7FDE1A25E3E60800E092AF /* LaunchScreen.storyboard */ = {
			isa = PBXVariantGroup;
			children = (
				AB7FDE1B25E3E60800E092AF /* Base */,
			);
			name = LaunchScreen.storyboard;
			sourceTree = "<group>";
		};
/* End PBXVariantGroup section */

/* Begin XCBuildConfiguration section */
		AB7FDE1E25E3E60800E092AF /* Debug */ = {
			isa = XCBuildConfiguration;
			buildSettings = {
				ALWAYS_SEARCH_USER_PATHS = NO;
				CLANG_ANALYZER_NONNULL = YES;
				CLANG_ANALYZER_NUMBER_OBJECT_CONVERSION = YES_AGGRESSIVE;
				CLANG_CXX_LANGUAGE_STANDARD = "gnu++14";
				CLANG_CXX_LIBRARY = "libc++";
				CLANG_ENABLE_MODULES = YES;
				CLANG_ENABLE_OBJC_ARC = YES;
				CLANG_ENABLE_OBJC_WEAK = YES;
				CLANG_WARN_BLOCK_CAPTURE_AUTORELEASING = YES;
				CLANG_WARN_BOOL_CONVERSION = YES;
				CLANG_WARN_COMMA = YES;
				CLANG_WARN_CONSTANT_CONVERSION = YES;
				CLANG_WARN_DEPRECATED_OBJC_IMPLEMENTATIONS = YES;
				CLANG_WARN_DIRECT_OBJC_ISA_USAGE = YES_ERROR;
				CLANG_WARN_DOCUMENTATION_COMMENTS = YES;
				CLANG_WARN_EMPTY_BODY = YES;
				CLANG_WARN_ENUM_CONVERSION = YES;
				CLANG_WARN_INFINITE_RECURSION = YES;
				CLANG_WARN_INT_CONVERSION = YES;
				CLANG_WARN_NON_LITERAL_NULL_CONVERSION = YES;
				CLANG_WARN_OBJC_IMPLICIT_RETAIN_SELF = YES;
				CLANG_WARN_OBJC_LITERAL_CONVERSION = YES;
				CLANG_WARN_OBJC_ROOT_CLASS = YES_ERROR;
				CLANG_WARN_RANGE_LOOP_ANALYSIS = YES;
				CLANG_WARN_STRICT_PROTOTYPES = YES;
				CLANG_WARN_SUSPICIOUS_MOVE = YES;
				CLANG_WARN_UNGUARDED_AVAILABILITY = YES_AGGRESSIVE;
				CLANG_WARN_UNREACHABLE_CODE = YES;
				CLANG_WARN__DUPLICATE_METHOD_MATCH = YES;
				COPY_PHASE_STRIP = NO;
				DEBUG_INFORMATION_FORMAT = dwarf;
				ENABLE_STRICT_OBJC_MSGSEND = YES;
				ENABLE_TESTABILITY = YES;
				GCC_C_LANGUAGE_STANDARD = gnu11;
				GCC_DYNAMIC_NO_PIC = NO;
				GCC_NO_COMMON_BLOCKS = YES;
				GCC_OPTIMIZATION_LEVEL = 0;
				GCC_PREPROCESSOR_DEFINITIONS = (
					"DEBUG=1",
					"$(inherited)",
				);
				GCC_WARN_64_TO_32_BIT_CONVERSION = YES;
				GCC_WARN_ABOUT_RETURN_TYPE = YES_ERROR;
				GCC_WARN_UNDECLARED_SELECTOR = YES;
				GCC_WARN_UNINITIALIZED_AUTOS = YES_AGGRESSIVE;
				GCC_WARN_UNUSED_FUNCTION = YES;
				GCC_WARN_UNUSED_VARIABLE = YES;
				IPHONEOS_DEPLOYMENT_TARGET = 13.1;
				MTL_ENABLE_DEBUG_INFO = INCLUDE_SOURCE;
				MTL_FAST_MATH = YES;
				ONLY_ACTIVE_ARCH = YES;
				SDKROOT = iphoneos;
				SWIFT_ACTIVE_COMPILATION_CONDITIONS = DEBUG;
				SWIFT_OPTIMIZATION_LEVEL = "-Onone";
			};
			name = Debug;
		};
		AB7FDE1F25E3E60800E092AF /* Release */ = {
			isa = XCBuildConfiguration;
			buildSettings = {
				ALWAYS_SEARCH_USER_PATHS = NO;
				CLANG_ANALYZER_NONNULL = YES;
				CLANG_ANALYZER_NUMBER_OBJECT_CONVERSION = YES_AGGRESSIVE;
				CLANG_CXX_LANGUAGE_STANDARD = "gnu++14";
				CLANG_CXX_LIBRARY = "libc++";
				CLANG_ENABLE_MODULES = YES;
				CLANG_ENABLE_OBJC_ARC = YES;
				CLANG_ENABLE_OBJC_WEAK = YES;
				CLANG_WARN_BLOCK_CAPTURE_AUTORELEASING = YES;
				CLANG_WARN_BOOL_CONVERSION = YES;
				CLANG_WARN_COMMA = YES;
				CLANG_WARN_CONSTANT_CONVERSION = YES;
				CLANG_WARN_DEPRECATED_OBJC_IMPLEMENTATIONS = YES;
				CLANG_WARN_DIRECT_OBJC_ISA_USAGE = YES_ERROR;
				CLANG_WARN_DOCUMENTATION_COMMENTS = YES;
				CLANG_WARN_EMPTY_BODY = YES;
				CLANG_WARN_ENUM_CONVERSION = YES;
				CLANG_WARN_INFINITE_RECURSION = YES;
				CLANG_WARN_INT_CONVERSION = YES;
				CLANG_WARN_NON_LITERAL_NULL_CONVERSION = YES;
				CLANG_WARN_OBJC_IMPLICIT_RETAIN_SELF = YES;
				CLANG_WARN_OBJC_LITERAL_CONVERSION = YES;
				CLANG_WARN_OBJC_ROOT_CLASS = YES_ERROR;
				CLANG_WARN_RANGE_LOOP_ANALYSIS = YES;
				CLANG_WARN_STRICT_PROTOTYPES = YES;
				CLANG_WARN_SUSPICIOUS_MOVE = YES;
				CLANG_WARN_UNGUARDED_AVAILABILITY = YES_AGGRESSIVE;
				CLANG_WARN_UNREACHABLE_CODE = YES;
				CLANG_WARN__DUPLICATE_METHOD_MATCH = YES;
				COPY_PHASE_STRIP = NO;
				DEBUG_INFORMATION_FORMAT = "dwarf-with-dsym";
				ENABLE_NS_ASSERTIONS = NO;
				ENABLE_STRICT_OBJC_MSGSEND = YES;
				GCC_C_LANGUAGE_STANDARD = gnu11;
				GCC_NO_COMMON_BLOCKS = YES;
				GCC_WARN_64_TO_32_BIT_CONVERSION = YES;
				GCC_WARN_ABOUT_RETURN_TYPE = YES_ERROR;
				GCC_WARN_UNDECLARED_SELECTOR = YES;
				GCC_WARN_UNINITIALIZED_AUTOS = YES_AGGRESSIVE;
				GCC_WARN_UNUSED_FUNCTION = YES;
				GCC_WARN_UNUSED_VARIABLE = YES;
				IPHONEOS_DEPLOYMENT_TARGET = 13.1;
				MTL_ENABLE_DEBUG_INFO = NO;
				MTL_FAST_MATH = YES;
				SDKROOT = iphoneos;
				SWIFT_COMPILATION_MODE = wholemodule;
				SWIFT_OPTIMIZATION_LEVEL = "-O";
				VALIDATE_PRODUCT = YES;
			};
			name = Release;
		};
		AB7FDE2125E3E60800E092AF /* Debug */ = {
			isa = XCBuildConfiguration;
			buildSettings = {
				ASSETCATALOG_COMPILER_APPICON_NAME = AppIcon;
				CODE_SIGN_STYLE = Automatic;
				INFOPLIST_FILE = MovieViewCode/Info.plist;
				LD_RUNPATH_SEARCH_PATHS = (
					"$(inherited)",
					"@executable_path/Frameworks",
				);
				PRODUCT_BUNDLE_IDENTIFIER = br.com.bandtec.MovieViewCode;
				PRODUCT_NAME = "$(TARGET_NAME)";
				SWIFT_VERSION = 5.0;
				TARGETED_DEVICE_FAMILY = "1,2";
			};
			name = Debug;
		};
		AB7FDE2225E3E60800E092AF /* Release */ = {
			isa = XCBuildConfiguration;
			buildSettings = {
				ASSETCATALOG_COMPILER_APPICON_NAME = AppIcon;
				CODE_SIGN_STYLE = Automatic;
				INFOPLIST_FILE = MovieViewCode/Info.plist;
				LD_RUNPATH_SEARCH_PATHS = (
					"$(inherited)",
					"@executable_path/Frameworks",
				);
				PRODUCT_BUNDLE_IDENTIFIER = br.com.bandtec.MovieViewCode;
				PRODUCT_NAME = "$(TARGET_NAME)";
				SWIFT_VERSION = 5.0;
				TARGETED_DEVICE_FAMILY = "1,2";
			};
			name = Release;
		};
		F646ABF12B4F11BA00059B00 /* Debug */ = {
			isa = XCBuildConfiguration;
			buildSettings = {
				ASSETCATALOG_COMPILER_GENERATE_SWIFT_ASSET_SYMBOL_EXTENSIONS = YES;
				BUNDLE_LOADER = "$(TEST_HOST)";
				CLANG_CXX_LANGUAGE_STANDARD = "gnu++20";
				CLANG_WARN_QUOTED_INCLUDE_IN_FRAMEWORK_HEADER = YES;
				CODE_SIGN_STYLE = Automatic;
				CURRENT_PROJECT_VERSION = 1;
				ENABLE_USER_SCRIPT_SANDBOXING = YES;
				GCC_C_LANGUAGE_STANDARD = gnu17;
				GENERATE_INFOPLIST_FILE = YES;
				IPHONEOS_DEPLOYMENT_TARGET = 17.2;
				LOCALIZATION_PREFERS_STRING_CATALOGS = YES;
				MARKETING_VERSION = 1.0;
				PRODUCT_BUNDLE_IDENTIFIER = com.MovieViewCodeTests;
				PRODUCT_NAME = "$(TARGET_NAME)";
				SWIFT_ACTIVE_COMPILATION_CONDITIONS = "DEBUG $(inherited)";
				SWIFT_EMIT_LOC_STRINGS = NO;
				SWIFT_VERSION = 5.0;
				TARGETED_DEVICE_FAMILY = "1,2";
				TEST_HOST = "$(BUILT_PRODUCTS_DIR)/MovieViewCode.app/$(BUNDLE_EXECUTABLE_FOLDER_PATH)/MovieViewCode";
			};
			name = Debug;
		};
		F646ABF22B4F11BA00059B00 /* Release */ = {
			isa = XCBuildConfiguration;
			buildSettings = {
				ASSETCATALOG_COMPILER_GENERATE_SWIFT_ASSET_SYMBOL_EXTENSIONS = YES;
				BUNDLE_LOADER = "$(TEST_HOST)";
				CLANG_CXX_LANGUAGE_STANDARD = "gnu++20";
				CLANG_WARN_QUOTED_INCLUDE_IN_FRAMEWORK_HEADER = YES;
				CODE_SIGN_STYLE = Automatic;
				CURRENT_PROJECT_VERSION = 1;
				ENABLE_USER_SCRIPT_SANDBOXING = YES;
				GCC_C_LANGUAGE_STANDARD = gnu17;
				GENERATE_INFOPLIST_FILE = YES;
				IPHONEOS_DEPLOYMENT_TARGET = 17.2;
				LOCALIZATION_PREFERS_STRING_CATALOGS = YES;
				MARKETING_VERSION = 1.0;
				PRODUCT_BUNDLE_IDENTIFIER = com.MovieViewCodeTests;
				PRODUCT_NAME = "$(TARGET_NAME)";
				SWIFT_EMIT_LOC_STRINGS = NO;
				SWIFT_VERSION = 5.0;
				TARGETED_DEVICE_FAMILY = "1,2";
				TEST_HOST = "$(BUILT_PRODUCTS_DIR)/MovieViewCode.app/$(BUNDLE_EXECUTABLE_FOLDER_PATH)/MovieViewCode";
			};
			name = Release;
		};
/* End XCBuildConfiguration section */

/* Begin XCConfigurationList section */
		AB7FDE0725E3E60300E092AF /* Build configuration list for PBXProject "MovieViewCode" */ = {
			isa = XCConfigurationList;
			buildConfigurations = (
				AB7FDE1E25E3E60800E092AF /* Debug */,
				AB7FDE1F25E3E60800E092AF /* Release */,
			);
			defaultConfigurationIsVisible = 0;
			defaultConfigurationName = Release;
		};
		AB7FDE2025E3E60800E092AF /* Build configuration list for PBXNativeTarget "MovieViewCode" */ = {
			isa = XCConfigurationList;
			buildConfigurations = (
				AB7FDE2125E3E60800E092AF /* Debug */,
				AB7FDE2225E3E60800E092AF /* Release */,
			);
			defaultConfigurationIsVisible = 0;
			defaultConfigurationName = Release;
		};
		F646ABF32B4F11BA00059B00 /* Build configuration list for PBXNativeTarget "MovieViewCodeTests" */ = {
			isa = XCConfigurationList;
			buildConfigurations = (
				F646ABF12B4F11BA00059B00 /* Debug */,
				F646ABF22B4F11BA00059B00 /* Release */,
			);
			defaultConfigurationIsVisible = 0;
			defaultConfigurationName = Release;
		};
/* End XCConfigurationList section */

/* Begin XCRemoteSwiftPackageReference section */
		AB61F1E7261E14B200109530 /* XCRemoteSwiftPackageReference "Alamofire" */ = {
			isa = XCRemoteSwiftPackageReference;
			repositoryURL = "https://github.com/Alamofire/Alamofire.git";
			requirement = {
				kind = upToNextMajorVersion;
				minimumVersion = 5.4.2;
			};
		};
		F646ABFB2B4F16CC00059B00 /* XCRemoteSwiftPackageReference "Quick" */ = {
			isa = XCRemoteSwiftPackageReference;
			repositoryURL = "https://github.com/Quick/Quick.git";
			requirement = {
				branch = main;
				kind = branch;
			};
		};
		F646ABFE2B4F174F00059B00 /* XCRemoteSwiftPackageReference "Nimble-Snapshots" */ = {
			isa = XCRemoteSwiftPackageReference;
			repositoryURL = "https://github.com/ashfurrow/Nimble-Snapshots.git";
			requirement = {
				kind = upToNextMajorVersion;
				minimumVersion = 9.6.1;
			};
		};
		F646AC012B4F17BC00059B00 /* XCRemoteSwiftPackageReference "Nimble" */ = {
			isa = XCRemoteSwiftPackageReference;
			repositoryURL = "https://github.com/Quick/Nimble.git";
			requirement = {
				branch = main;
				kind = branch;
			};
		};
		F646AC042B4F19AA00059B00 /* XCRemoteSwiftPackageReference "Kingfisher" */ = {
			isa = XCRemoteSwiftPackageReference;
			repositoryURL = "https://github.com/onevcat/Kingfisher.git";
			requirement = {
				kind = upToNextMajorVersion;
				minimumVersion = 7.10.1;
			};
		};
		F6C709092B7C0CD700FE47B6 /* XCRemoteSwiftPackageReference "SkeletonView" */ = {
			isa = XCRemoteSwiftPackageReference;
			repositoryURL = "https://github.com/Juanpe/SkeletonView.git";
			requirement = {
				kind = upToNextMajorVersion;
				minimumVersion = 1.30.4;
			};
		};
/* End XCRemoteSwiftPackageReference section */

/* Begin XCSwiftPackageProductDependency section */
		F61300AF2B4F4E0400A7C8CD /* Quick */ = {
			isa = XCSwiftPackageProductDependency;
			package = F646ABFB2B4F16CC00059B00 /* XCRemoteSwiftPackageReference "Quick" */;
			productName = Quick;
		};
		F61300B12B4F4E0400A7C8CD /* Nimble-Snapshots */ = {
			isa = XCSwiftPackageProductDependency;
			package = F646ABFE2B4F174F00059B00 /* XCRemoteSwiftPackageReference "Nimble-Snapshots" */;
			productName = "Nimble-Snapshots";
		};
		F61300B32B4F4E0400A7C8CD /* Nimble */ = {
			isa = XCSwiftPackageProductDependency;
			package = F646AC012B4F17BC00059B00 /* XCRemoteSwiftPackageReference "Nimble" */;
			productName = Nimble;
		};
		F646AC052B4F19AA00059B00 /* Kingfisher */ = {
			isa = XCSwiftPackageProductDependency;
			package = F646AC042B4F19AA00059B00 /* XCRemoteSwiftPackageReference "Kingfisher" */;
			productName = Kingfisher;
		};
		F6C7090A2B7C0CD700FE47B6 /* SkeletonView */ = {
			isa = XCSwiftPackageProductDependency;
			package = F6C709092B7C0CD700FE47B6 /* XCRemoteSwiftPackageReference "SkeletonView" */;
			productName = SkeletonView;
		};
/* End XCSwiftPackageProductDependency section */
	};
	rootObject = AB7FDE0425E3E60300E092AF /* Project object */;
}
